{
  "lib/example-messaging-executor": {
    "rev": "575069616477efbec961bcfb77d7baf44e9f3baa"
  },
  "lib/example-ntt-with-executor-evm": {
    "rev": "e1de88385c7913c2e5df65c0889bc9a099558314"
  },
  "lib/native-token-transfers": {
    "rev": "25a5c3f89446be499a89d1c453db996f29de9290"
  },
  "lib/wormhole-solidity-sdk": {
    "rev": "b9e129e65d34827d92fceeed8c87d3ecdfc801d0"
  }
}